
Microsoft Visual Studio Solution File, Format Version 12.00
# Visual Studio Version 16
VisualStudioVersion = 16.0.31424.327
MinimumVisualStudioVersion = 10.0.40219.1
Project("{8BC9CEB8-8B4A-11D0-8D11-00A0C91BC942}") = "App.MinValue", "App.MinValue\App.MinValue.vcxproj", "{DE026F97-1F05-49BA-B5A6-C07CA37B7F67}"
EndProject
Global
	GlobalSection(SolutionConfigurationPlatforms) = preSolution
		Debug|x64 = Debug|x64
		Debug|x86 = Debug|x86
		Release|x64 = Release|x64
		Release|x86 = Release|x86
	EndGlobalSection
	GlobalSection(ProjectConfigurationPlatforms) = postSolution
		{DE026F97-1F05-49BA-B5A6-C07CA37B7F67}.Debug|x64.ActiveCfg = Debug|x64
		{DE026F97-1F05-49BA-B5A6-C07CA37B7F67}.Debug|x64.Build.0 = Debug|x64
		{DE026F97-1F05-49BA-B5A6-C07CA37B7F67}.Debug|x86.ActiveCfg = Debug|Win32
		{DE026F97-1F05-49BA-B5A6-C07CA37B7F67}.Debug|x86.Build.0 = Debug|Win32
		{DE026F97-1F05-49BA-B5A6-C07CA37B7F67}.Release|x64.ActiveCfg = Release|x64
		{DE026F97-1F05-49BA-B5A6-C07CA37B7F67}.Release|x64.Build.0 = Release|x64
		{DE026F97-1F05-49BA-B5A6-C07CA37B7F67}.Release|x86.ActiveCfg = Release|Win32
		{DE026F97-1F05-49BA-B5A6-C07CA37B7F67}.Release|x86.Build.0 = Release|Win32
	EndGlobalSection
	GlobalSection(SolutionProperties) = preSolution
		HideSolutionNode = FALSE
	EndGlobalSection
	GlobalSection(ExtensibilityGlobals) = postSolution
		SolutionGuid = {F228ED9F-3A46-4414-8A46-5DFBA5453CA4}
	EndGlobalSection
EndGlobal
